// !$*UTF8*$!
{
	archiveVersion = 1;
	classes = {
	};
	objectVersion = 46;
	objects = {

/* Begin PBXBuildFile section */
		4A0554DC1DEBA5BC009ACA06 /* Onboarding1ViewController.swift in Sources */ = {isa = PBXBuildFile; fileRef = 4A0BB1981DEA8A8800E1002C /* Onboarding1ViewController.swift */; };
		4A0554DD1DEBA5BC009ACA06 /* Onboarding4ViewController.swift in Sources */ = {isa = PBXBuildFile; fileRef = 4A0BB19F1DEA8AD100E1002C /* Onboarding4ViewController.swift */; };
		4A0554DE1DEBA5BC009ACA06 /* Onboarding3ViewController.swift in Sources */ = {isa = PBXBuildFile; fileRef = 4A0BB19D1DEA8AA900E1002C /* Onboarding3ViewController.swift */; };
		4A0554DF1DEBA5BC009ACA06 /* CameraViewController.swift in Sources */ = {isa = PBXBuildFile; fileRef = 4A0BB1941DEA8A5600E1002C /* CameraViewController.swift */; };
		4A0554E01DEBA5BC009ACA06 /* Onboarding2ViewController.swift in Sources */ = {isa = PBXBuildFile; fileRef = 4A0BB19B1DEA8A9A00E1002C /* Onboarding2ViewController.swift */; };
		4A0554E11DEBA5BC009ACA06 /* AppDelegate.swift in Sources */ = {isa = PBXBuildFile; fileRef = B29D6B8B1DD8EFA10021D19A /* AppDelegate.swift */; };
		4A0554E31DEBA5BC009ACA06 /* Assets.xcassets in Resources */ = {isa = PBXBuildFile; fileRef = B29D6B921DD8EFA10021D19A /* Assets.xcassets */; };
		4A0554E91DEBACF8009ACA06 /* Main.storyboard in Resources */ = {isa = PBXBuildFile; fileRef = 4A0554E81DEBACF8009ACA06 /* Main.storyboard */; };
		4A0554EB1DEBAD04009ACA06 /* Onboarding.storyboard in Resources */ = {isa = PBXBuildFile; fileRef = 4A0554EA1DEBAD04009ACA06 /* Onboarding.storyboard */; };
		4A20CDC71DEA9C3A008A2ECB /* CreateMemoir.storyboard in Resources */ = {isa = PBXBuildFile; fileRef = 4A20CDC61DEA9C3A008A2ECB /* CreateMemoir.storyboard */; };
		4A20CDC91DEA9C5D008A2ECB /* TriggerViewController.swift in Sources */ = {isa = PBXBuildFile; fileRef = 4A20CDC81DEA9C5D008A2ECB /* TriggerViewController.swift */; };
		4A20CDCB1DEA9C6A008A2ECB /* VideoViewController.swift in Sources */ = {isa = PBXBuildFile; fileRef = 4A20CDCA1DEA9C6A008A2ECB /* VideoViewController.swift */; };
		4A20CDCD1DEA9C82008A2ECB /* Memoir.storyboard in Resources */ = {isa = PBXBuildFile; fileRef = 4A20CDCC1DEA9C82008A2ECB /* Memoir.storyboard */; };
		4A20CDD01DEA9C99008A2ECB /* MemoirViewController.swift in Sources */ = {isa = PBXBuildFile; fileRef = 4A20CDCF1DEA9C99008A2ECB /* MemoirViewController.swift */; };
		4A20CDD21DEA9CC5008A2ECB /* Profile.storyboard in Resources */ = {isa = PBXBuildFile; fileRef = 4A20CDD11DEA9CC5008A2ECB /* Profile.storyboard */; };
		4A20CDD41DEA9CD8008A2ECB /* ProfileViewController.swift in Sources */ = {isa = PBXBuildFile; fileRef = 4A20CDD31DEA9CD8008A2ECB /* ProfileViewController.swift */; };
		4A20CDD61DEA9D36008A2ECB /* GalleryViewController.swift in Sources */ = {isa = PBXBuildFile; fileRef = 4A20CDD51DEA9D36008A2ECB /* GalleryViewController.swift */; };
		4A34D0561DF1270500FA54F9 /* UISetupExtension.swift in Sources */ = {isa = PBXBuildFile; fileRef = 4A34D0551DF1270500FA54F9 /* UISetupExtension.swift */; };
		4A34D0581DF12D4E00FA54F9 /* UIColorExtension.swift in Sources */ = {isa = PBXBuildFile; fileRef = 4A34D0571DF12D4E00FA54F9 /* UIColorExtension.swift */; };
		B29D6B961DD8EFA10021D19A /* LaunchScreen.storyboard in Resources */ = {isa = PBXBuildFile; fileRef = B29D6B941DD8EFA10021D19A /* LaunchScreen.storyboard */; };
/* End PBXBuildFile section */

/* Begin PBXContainerItemProxy section */
		B29D6B9D1DD8EFA10021D19A /* PBXContainerItemProxy */ = {
			isa = PBXContainerItemProxy;
			containerPortal = B29D6B801DD8EFA10021D19A /* Project object */;
			proxyType = 1;
			remoteGlobalIDString = B29D6B871DD8EFA10021D19A;
			remoteInfo = memoire_codepathProject;
		};
		B29D6BA81DD8EFA10021D19A /* PBXContainerItemProxy */ = {
			isa = PBXContainerItemProxy;
			containerPortal = B29D6B801DD8EFA10021D19A /* Project object */;
			proxyType = 1;
			remoteGlobalIDString = B29D6B871DD8EFA10021D19A;
			remoteInfo = memoire_codepathProject;
		};
/* End PBXContainerItemProxy section */

/* Begin PBXFileReference section */
		4A0554E81DEBACF8009ACA06 /* Main.storyboard */ = {isa = PBXFileReference; fileEncoding = 4; lastKnownFileType = file.storyboard; path = Main.storyboard; sourceTree = "<group>"; };
		4A0554EA1DEBAD04009ACA06 /* Onboarding.storyboard */ = {isa = PBXFileReference; fileEncoding = 4; lastKnownFileType = file.storyboard; path = Onboarding.storyboard; sourceTree = "<group>"; };
		4A0BB1941DEA8A5600E1002C /* CameraViewController.swift */ = {isa = PBXFileReference; fileEncoding = 4; lastKnownFileType = sourcecode.swift; path = CameraViewController.swift; sourceTree = "<group>"; };
		4A0BB1981DEA8A8800E1002C /* Onboarding1ViewController.swift */ = {isa = PBXFileReference; fileEncoding = 4; lastKnownFileType = sourcecode.swift; path = Onboarding1ViewController.swift; sourceTree = "<group>"; };
		4A0BB19B1DEA8A9A00E1002C /* Onboarding2ViewController.swift */ = {isa = PBXFileReference; fileEncoding = 4; lastKnownFileType = sourcecode.swift; path = Onboarding2ViewController.swift; sourceTree = "<group>"; };
		4A0BB19D1DEA8AA900E1002C /* Onboarding3ViewController.swift */ = {isa = PBXFileReference; fileEncoding = 4; lastKnownFileType = sourcecode.swift; path = Onboarding3ViewController.swift; sourceTree = "<group>"; };
		4A0BB19F1DEA8AD100E1002C /* Onboarding4ViewController.swift */ = {isa = PBXFileReference; fileEncoding = 4; lastKnownFileType = sourcecode.swift; path = Onboarding4ViewController.swift; sourceTree = "<group>"; };
		4A20CDC61DEA9C3A008A2ECB /* CreateMemoir.storyboard */ = {isa = PBXFileReference; fileEncoding = 4; lastKnownFileType = file.storyboard; path = CreateMemoir.storyboard; sourceTree = "<group>"; };
		4A20CDC81DEA9C5D008A2ECB /* TriggerViewController.swift */ = {isa = PBXFileReference; fileEncoding = 4; lastKnownFileType = sourcecode.swift; path = TriggerViewController.swift; sourceTree = "<group>"; };
		4A20CDCA1DEA9C6A008A2ECB /* VideoViewController.swift */ = {isa = PBXFileReference; fileEncoding = 4; lastKnownFileType = sourcecode.swift; path = VideoViewController.swift; sourceTree = "<group>"; };
		4A20CDCC1DEA9C82008A2ECB /* Memoir.storyboard */ = {isa = PBXFileReference; fileEncoding = 4; lastKnownFileType = file.storyboard; path = Memoir.storyboard; sourceTree = "<group>"; };
		4A20CDCF1DEA9C99008A2ECB /* MemoirViewController.swift */ = {isa = PBXFileReference; fileEncoding = 4; lastKnownFileType = sourcecode.swift; path = MemoirViewController.swift; sourceTree = "<group>"; };
		4A20CDD11DEA9CC5008A2ECB /* Profile.storyboard */ = {isa = PBXFileReference; fileEncoding = 4; lastKnownFileType = file.storyboard; path = Profile.storyboard; sourceTree = "<group>"; };
		4A20CDD31DEA9CD8008A2ECB /* ProfileViewController.swift */ = {isa = PBXFileReference; fileEncoding = 4; lastKnownFileType = sourcecode.swift; path = ProfileViewController.swift; sourceTree = "<group>"; };
		4A20CDD51DEA9D36008A2ECB /* GalleryViewController.swift */ = {isa = PBXFileReference; fileEncoding = 4; lastKnownFileType = sourcecode.swift; path = GalleryViewController.swift; sourceTree = "<group>"; };
		4A34D0551DF1270500FA54F9 /* UISetupExtension.swift */ = {isa = PBXFileReference; fileEncoding = 4; lastKnownFileType = sourcecode.swift; path = UISetupExtension.swift; sourceTree = "<group>"; };
		4A34D0571DF12D4E00FA54F9 /* UIColorExtension.swift */ = {isa = PBXFileReference; fileEncoding = 4; lastKnownFileType = sourcecode.swift; path = UIColorExtension.swift; sourceTree = "<group>"; };
		B29D6B881DD8EFA10021D19A /* memoire_codepathProject.app */ = {isa = PBXFileReference; explicitFileType = wrapper.application; includeInIndex = 0; path = memoire_codepathProject.app; sourceTree = BUILT_PRODUCTS_DIR; };
		B29D6B8B1DD8EFA10021D19A /* AppDelegate.swift */ = {isa = PBXFileReference; lastKnownFileType = sourcecode.swift; path = AppDelegate.swift; sourceTree = "<group>"; };
		B29D6B921DD8EFA10021D19A /* Assets.xcassets */ = {isa = PBXFileReference; lastKnownFileType = folder.assetcatalog; path = Assets.xcassets; sourceTree = "<group>"; };
		B29D6B951DD8EFA10021D19A /* Base */ = {isa = PBXFileReference; lastKnownFileType = file.storyboard; name = Base; path = Base.lproj/LaunchScreen.storyboard; sourceTree = "<group>"; };
		B29D6B971DD8EFA10021D19A /* Info.plist */ = {isa = PBXFileReference; lastKnownFileType = text.plist.xml; path = Info.plist; sourceTree = "<group>"; };
		B29D6B9C1DD8EFA10021D19A /* memoire_codepathProjectTests.xctest */ = {isa = PBXFileReference; explicitFileType = wrapper.cfbundle; includeInIndex = 0; path = memoire_codepathProjectTests.xctest; sourceTree = BUILT_PRODUCTS_DIR; };
		B29D6BA21DD8EFA10021D19A /* Info.plist */ = {isa = PBXFileReference; lastKnownFileType = text.plist.xml; path = Info.plist; sourceTree = "<group>"; };
		B29D6BA71DD8EFA10021D19A /* memoire_codepathProjectUITests.xctest */ = {isa = PBXFileReference; explicitFileType = wrapper.cfbundle; includeInIndex = 0; path = memoire_codepathProjectUITests.xctest; sourceTree = BUILT_PRODUCTS_DIR; };
		B29D6BAD1DD8EFA10021D19A /* Info.plist */ = {isa = PBXFileReference; lastKnownFileType = text.plist.xml; path = Info.plist; sourceTree = "<group>"; };
/* End PBXFileReference section */

/* Begin PBXFrameworksBuildPhase section */
		B29D6B851DD8EFA10021D19A /* Frameworks */ = {
			isa = PBXFrameworksBuildPhase;
			buildActionMask = 2147483647;
			files = (
			);
			runOnlyForDeploymentPostprocessing = 0;
		};
		B29D6B991DD8EFA10021D19A /* Frameworks */ = {
			isa = PBXFrameworksBuildPhase;
			buildActionMask = 2147483647;
			files = (
			);
			runOnlyForDeploymentPostprocessing = 0;
		};
		B29D6BA41DD8EFA10021D19A /* Frameworks */ = {
			isa = PBXFrameworksBuildPhase;
			buildActionMask = 2147483647;
			files = (
			);
			runOnlyForDeploymentPostprocessing = 0;
		};
/* End PBXFrameworksBuildPhase section */

/* Begin PBXGroup section */
		4A0BB18F1DEA871500E1002C /* Supporting files */ = {
			isa = PBXGroup;
			children = (
				B29D6B8B1DD8EFA10021D19A /* AppDelegate.swift */,
				4A34D0571DF12D4E00FA54F9 /* UIColorExtension.swift */,
				4A34D0551DF1270500FA54F9 /* UISetupExtension.swift */,
				B29D6B941DD8EFA10021D19A /* LaunchScreen.storyboard */,
				B29D6B971DD8EFA10021D19A /* Info.plist */,
			);
			name = "Supporting files";
			sourceTree = "<group>";
		};
		4A0BB1901DEA872D00E1002C /* Daniel */ = {
			isa = PBXGroup;
			children = (
				4A20CDD51DEA9D36008A2ECB /* GalleryViewController.swift */,
				4A0BB1941DEA8A5600E1002C /* CameraViewController.swift */,
				4A0554E81DEBACF8009ACA06 /* Main.storyboard */,
			);
			name = Daniel;
			sourceTree = "<group>";
		};
		4A0BB1931DEA8A2900E1002C /* Samihah */ = {
			isa = PBXGroup;
			children = (
				4A0BB19F1DEA8AD100E1002C /* Onboarding4ViewController.swift */,
				4A0554EA1DEBAD04009ACA06 /* Onboarding.storyboard */,
				4A0BB1981DEA8A8800E1002C /* Onboarding1ViewController.swift */,
				4A0BB19B1DEA8A9A00E1002C /* Onboarding2ViewController.swift */,
				4A0BB19D1DEA8AA900E1002C /* Onboarding3ViewController.swift */,
				4A20CDD11DEA9CC5008A2ECB /* Profile.storyboard */,
				4A20CDD31DEA9CD8008A2ECB /* ProfileViewController.swift */,
			);
			name = Samihah;
			sourceTree = "<group>";
		};
		4A20CDC51DEA9C23008A2ECB /* Nicholas */ = {
			isa = PBXGroup;
			children = (
				4A20CDC61DEA9C3A008A2ECB /* CreateMemoir.storyboard */,
				4A20CDCC1DEA9C82008A2ECB /* Memoir.storyboard */,
				4A20CDCF1DEA9C99008A2ECB /* MemoirViewController.swift */,
				4A20CDC81DEA9C5D008A2ECB /* TriggerViewController.swift */,
				4A20CDCA1DEA9C6A008A2ECB /* VideoViewController.swift */,
			);
			name = Nicholas;
			sourceTree = "<group>";
		};
		B29D6B7F1DD8EFA10021D19A = {
			isa = PBXGroup;
			children = (
				B29D6B8A1DD8EFA10021D19A /* memoire_codepathProject */,
				B29D6B9F1DD8EFA10021D19A /* memoire_codepathProjectTests */,
				B29D6BAA1DD8EFA10021D19A /* memoire_codepathProjectUITests */,
				B29D6B891DD8EFA10021D19A /* Products */,
			);
			sourceTree = "<group>";
		};
		B29D6B891DD8EFA10021D19A /* Products */ = {
			isa = PBXGroup;
			children = (
				B29D6B881DD8EFA10021D19A /* memoire_codepathProject.app */,
				B29D6B9C1DD8EFA10021D19A /* memoire_codepathProjectTests.xctest */,
				B29D6BA71DD8EFA10021D19A /* memoire_codepathProjectUITests.xctest */,
			);
			name = Products;
			sourceTree = "<group>";
		};
		B29D6B8A1DD8EFA10021D19A /* memoire_codepathProject */ = {
			isa = PBXGroup;
			children = (
				4A0BB1931DEA8A2900E1002C /* Samihah */,
				4A0BB1901DEA872D00E1002C /* Daniel */,
				B29D6B921DD8EFA10021D19A /* Assets.xcassets */,
				4A20CDC51DEA9C23008A2ECB /* Nicholas */,
				4A0BB18F1DEA871500E1002C /* Supporting files */,
			);
			path = memoire_codepathProject;
			sourceTree = "<group>";
		};
		B29D6B9F1DD8EFA10021D19A /* memoire_codepathProjectTests */ = {
			isa = PBXGroup;
			children = (
				B29D6BA21DD8EFA10021D19A /* Info.plist */,
			);
			path = memoire_codepathProjectTests;
			sourceTree = "<group>";
		};
		B29D6BAA1DD8EFA10021D19A /* memoire_codepathProjectUITests */ = {
			isa = PBXGroup;
			children = (
				B29D6BAD1DD8EFA10021D19A /* Info.plist */,
			);
			path = memoire_codepathProjectUITests;
			sourceTree = "<group>";
		};
/* End PBXGroup section */

/* Begin PBXNativeTarget section */
		B29D6B871DD8EFA10021D19A /* memoire_codepathProject */ = {
			isa = PBXNativeTarget;
			buildConfigurationList = B29D6BB01DD8EFA10021D19A /* Build configuration list for PBXNativeTarget "memoire_codepathProject" */;
			buildPhases = (
				B29D6B841DD8EFA10021D19A /* Sources */,
				B29D6B851DD8EFA10021D19A /* Frameworks */,
				B29D6B861DD8EFA10021D19A /* Resources */,
			);
			buildRules = (
			);
			dependencies = (
			);
			name = memoire_codepathProject;
			productName = memoire_codepathProject;
			productReference = B29D6B881DD8EFA10021D19A /* memoire_codepathProject.app */;
			productType = "com.apple.product-type.application";
		};
		B29D6B9B1DD8EFA10021D19A /* memoire_codepathProjectTests */ = {
			isa = PBXNativeTarget;
			buildConfigurationList = B29D6BB31DD8EFA10021D19A /* Build configuration list for PBXNativeTarget "memoire_codepathProjectTests" */;
			buildPhases = (
				B29D6B981DD8EFA10021D19A /* Sources */,
				B29D6B991DD8EFA10021D19A /* Frameworks */,
				B29D6B9A1DD8EFA10021D19A /* Resources */,
			);
			buildRules = (
			);
			dependencies = (
				B29D6B9E1DD8EFA10021D19A /* PBXTargetDependency */,
			);
			name = memoire_codepathProjectTests;
			productName = memoire_codepathProjectTests;
			productReference = B29D6B9C1DD8EFA10021D19A /* memoire_codepathProjectTests.xctest */;
			productType = "com.apple.product-type.bundle.unit-test";
		};
		B29D6BA61DD8EFA10021D19A /* memoire_codepathProjectUITests */ = {
			isa = PBXNativeTarget;
			buildConfigurationList = B29D6BB61DD8EFA10021D19A /* Build configuration list for PBXNativeTarget "memoire_codepathProjectUITests" */;
			buildPhases = (
				B29D6BA31DD8EFA10021D19A /* Sources */,
				B29D6BA41DD8EFA10021D19A /* Frameworks */,
				B29D6BA51DD8EFA10021D19A /* Resources */,
			);
			buildRules = (
			);
			dependencies = (
				B29D6BA91DD8EFA10021D19A /* PBXTargetDependency */,
			);
			name = memoire_codepathProjectUITests;
			productName = memoire_codepathProjectUITests;
			productReference = B29D6BA71DD8EFA10021D19A /* memoire_codepathProjectUITests.xctest */;
			productType = "com.apple.product-type.bundle.ui-testing";
		};
/* End PBXNativeTarget section */

/* Begin PBXProject section */
		B29D6B801DD8EFA10021D19A /* Project object */ = {
			isa = PBXProject;
			attributes = {
				LastSwiftUpdateCheck = 0800;
				LastUpgradeCheck = 0810;
				ORGANIZATIONNAME = "Samihah Azim";
				TargetAttributes = {
					B29D6B871DD8EFA10021D19A = {
						CreatedOnToolsVersion = 8.0;
						DevelopmentTeam = 7PX37ZY9M9;
						LastSwiftMigration = 0810;
						ProvisioningStyle = Automatic;
					};
					B29D6B9B1DD8EFA10021D19A = {
						CreatedOnToolsVersion = 8.0;
						LastSwiftMigration = 0810;
						ProvisioningStyle = Automatic;
						TestTargetID = B29D6B871DD8EFA10021D19A;
					};
					B29D6BA61DD8EFA10021D19A = {
						CreatedOnToolsVersion = 8.0;
						LastSwiftMigration = 0810;
						ProvisioningStyle = Automatic;
						TestTargetID = B29D6B871DD8EFA10021D19A;
					};
				};
			};
			buildConfigurationList = B29D6B831DD8EFA10021D19A /* Build configuration list for PBXProject "memoire_codepathProject" */;
			compatibilityVersion = "Xcode 3.2";
			developmentRegion = English;
			hasScannedForEncodings = 0;
			knownRegions = (
				en,
				Base,
			);
			mainGroup = B29D6B7F1DD8EFA10021D19A;
			productRefGroup = B29D6B891DD8EFA10021D19A /* Products */;
			projectDirPath = "";
			projectRoot = "";
			targets = (
				B29D6B871DD8EFA10021D19A /* memoire_codepathProject */,
				B29D6B9B1DD8EFA10021D19A /* memoire_codepathProjectTests */,
				B29D6BA61DD8EFA10021D19A /* memoire_codepathProjectUITests */,
			);
		};
/* End PBXProject section */

/* Begin PBXResourcesBuildPhase section */
		B29D6B861DD8EFA10021D19A /* Resources */ = {
			isa = PBXResourcesBuildPhase;
			buildActionMask = 2147483647;
			files = (
				B29D6B961DD8EFA10021D19A /* LaunchScreen.storyboard in Resources */,
				4A20CDCD1DEA9C82008A2ECB /* Memoir.storyboard in Resources */,
				4A20CDC71DEA9C3A008A2ECB /* CreateMemoir.storyboard in Resources */,
				4A0554E91DEBACF8009ACA06 /* Main.storyboard in Resources */,
				4A0554EB1DEBAD04009ACA06 /* Onboarding.storyboard in Resources */,
				4A0554E31DEBA5BC009ACA06 /* Assets.xcassets in Resources */,
				4A20CDD21DEA9CC5008A2ECB /* Profile.storyboard in Resources */,
			);
			runOnlyForDeploymentPostprocessing = 0;
		};
		B29D6B9A1DD8EFA10021D19A /* Resources */ = {
			isa = PBXResourcesBuildPhase;
			buildActionMask = 2147483647;
			files = (
			);
			runOnlyForDeploymentPostprocessing = 0;
		};
		B29D6BA51DD8EFA10021D19A /* Resources */ = {
			isa = PBXResourcesBuildPhase;
			buildActionMask = 2147483647;
			files = (
			);
			runOnlyForDeploymentPostprocessing = 0;
		};
/* End PBXResourcesBuildPhase section */

/* Begin PBXSourcesBuildPhase section */
		B29D6B841DD8EFA10021D19A /* Sources */ = {
			isa = PBXSourcesBuildPhase;
			buildActionMask = 2147483647;
			files = (
				4A20CDD61DEA9D36008A2ECB /* GalleryViewController.swift in Sources */,
				4A34D0561DF1270500FA54F9 /* UISetupExtension.swift in Sources */,
				4A0554DC1DEBA5BC009ACA06 /* Onboarding1ViewController.swift in Sources */,
				4A0554E11DEBA5BC009ACA06 /* AppDelegate.swift in Sources */,
				4A20CDD41DEA9CD8008A2ECB /* ProfileViewController.swift in Sources */,
				4A20CDCB1DEA9C6A008A2ECB /* VideoViewController.swift in Sources */,
				4A34D0581DF12D4E00FA54F9 /* UIColorExtension.swift in Sources */,
				4A0554DD1DEBA5BC009ACA06 /* Onboarding4ViewController.swift in Sources */,
				4A0554E01DEBA5BC009ACA06 /* Onboarding2ViewController.swift in Sources */,
				4A0554DF1DEBA5BC009ACA06 /* CameraViewController.swift in Sources */,
				4A20CDD01DEA9C99008A2ECB /* MemoirViewController.swift in Sources */,
				4A0554DE1DEBA5BC009ACA06 /* Onboarding3ViewController.swift in Sources */,
				4A20CDC91DEA9C5D008A2ECB /* TriggerViewController.swift in Sources */,
			);
			runOnlyForDeploymentPostprocessing = 0;
		};
		B29D6B981DD8EFA10021D19A /* Sources */ = {
			isa = PBXSourcesBuildPhase;
			buildActionMask = 2147483647;
			files = (
			);
			runOnlyForDeploymentPostprocessing = 0;
		};
		B29D6BA31DD8EFA10021D19A /* Sources */ = {
			isa = PBXSourcesBuildPhase;
			buildActionMask = 2147483647;
			files = (
			);
			runOnlyForDeploymentPostprocessing = 0;
		};
/* End PBXSourcesBuildPhase section */

/* Begin PBXTargetDependency section */
		B29D6B9E1DD8EFA10021D19A /* PBXTargetDependency */ = {
			isa = PBXTargetDependency;
			target = B29D6B871DD8EFA10021D19A /* memoire_codepathProject */;
			targetProxy = B29D6B9D1DD8EFA10021D19A /* PBXContainerItemProxy */;
		};
		B29D6BA91DD8EFA10021D19A /* PBXTargetDependency */ = {
			isa = PBXTargetDependency;
			target = B29D6B871DD8EFA10021D19A /* memoire_codepathProject */;
			targetProxy = B29D6BA81DD8EFA10021D19A /* PBXContainerItemProxy */;
		};
/* End PBXTargetDependency section */

/* Begin PBXVariantGroup section */
		B29D6B941DD8EFA10021D19A /* LaunchScreen.storyboard */ = {
			isa = PBXVariantGroup;
			children = (
				B29D6B951DD8EFA10021D19A /* Base */,
			);
			name = LaunchScreen.storyboard;
			sourceTree = "<group>";
		};
/* End PBXVariantGroup section */

/* Begin XCBuildConfiguration section */
		B29D6BAE1DD8EFA10021D19A /* Debug */ = {
			isa = XCBuildConfiguration;
			buildSettings = {
				ALWAYS_SEARCH_USER_PATHS = NO;
				CLANG_ANALYZER_NONNULL = YES;
				CLANG_CXX_LANGUAGE_STANDARD = "gnu++0x";
				CLANG_CXX_LIBRARY = "libc++";
				CLANG_ENABLE_MODULES = YES;
				CLANG_ENABLE_OBJC_ARC = YES;
				CLANG_WARN_BOOL_CONVERSION = YES;
				CLANG_WARN_CONSTANT_CONVERSION = YES;
				CLANG_WARN_DIRECT_OBJC_ISA_USAGE = YES_ERROR;
				CLANG_WARN_DOCUMENTATION_COMMENTS = YES;
				CLANG_WARN_EMPTY_BODY = YES;
				CLANG_WARN_ENUM_CONVERSION = YES;
				CLANG_WARN_INFINITE_RECURSION = YES;
				CLANG_WARN_INT_CONVERSION = YES;
				CLANG_WARN_OBJC_ROOT_CLASS = YES_ERROR;
				CLANG_WARN_SUSPICIOUS_MOVE = YES;
				CLANG_WARN_SUSPICIOUS_MOVES = YES;
				CLANG_WARN_UNREACHABLE_CODE = YES;
				CLANG_WARN__DUPLICATE_METHOD_MATCH = YES;
				"CODE_SIGN_IDENTITY[sdk=iphoneos*]" = "iPhone Developer";
				COPY_PHASE_STRIP = NO;
				DEBUG_INFORMATION_FORMAT = dwarf;
				ENABLE_STRICT_OBJC_MSGSEND = YES;
				ENABLE_TESTABILITY = YES;
				GCC_C_LANGUAGE_STANDARD = gnu99;
				GCC_DYNAMIC_NO_PIC = NO;
				GCC_NO_COMMON_BLOCKS = YES;
				GCC_OPTIMIZATION_LEVEL = 0;
				GCC_PREPROCESSOR_DEFINITIONS = (
					"DEBUG=1",
					"$(inherited)",
				);
				GCC_WARN_64_TO_32_BIT_CONVERSION = YES;
				GCC_WARN_ABOUT_RETURN_TYPE = YES_ERROR;
				GCC_WARN_UNDECLARED_SELECTOR = YES;
				GCC_WARN_UNINITIALIZED_AUTOS = YES_AGGRESSIVE;
				GCC_WARN_UNUSED_FUNCTION = YES;
				GCC_WARN_UNUSED_VARIABLE = YES;
				IPHONEOS_DEPLOYMENT_TARGET = 10.0;
				MTL_ENABLE_DEBUG_INFO = YES;
				ONLY_ACTIVE_ARCH = YES;
				SDKROOT = iphoneos;
				SWIFT_ACTIVE_COMPILATION_CONDITIONS = DEBUG;
				SWIFT_OPTIMIZATION_LEVEL = "-Onone";
			};
			name = Debug;
		};
		B29D6BAF1DD8EFA10021D19A /* Release */ = {
			isa = XCBuildConfiguration;
			buildSettings = {
				ALWAYS_SEARCH_USER_PATHS = NO;
				CLANG_ANALYZER_NONNULL = YES;
				CLANG_CXX_LANGUAGE_STANDARD = "gnu++0x";
				CLANG_CXX_LIBRARY = "libc++";
				CLANG_ENABLE_MODULES = YES;
				CLANG_ENABLE_OBJC_ARC = YES;
				CLANG_WARN_BOOL_CONVERSION = YES;
				CLANG_WARN_CONSTANT_CONVERSION = YES;
				CLANG_WARN_DIRECT_OBJC_ISA_USAGE = YES_ERROR;
				CLANG_WARN_DOCUMENTATION_COMMENTS = YES;
				CLANG_WARN_EMPTY_BODY = YES;
				CLANG_WARN_ENUM_CONVERSION = YES;
				CLANG_WARN_INFINITE_RECURSION = YES;
				CLANG_WARN_INT_CONVERSION = YES;
				CLANG_WARN_OBJC_ROOT_CLASS = YES_ERROR;
				CLANG_WARN_SUSPICIOUS_MOVE = YES;
				CLANG_WARN_SUSPICIOUS_MOVES = YES;
				CLANG_WARN_UNREACHABLE_CODE = YES;
				CLANG_WARN__DUPLICATE_METHOD_MATCH = YES;
				"CODE_SIGN_IDENTITY[sdk=iphoneos*]" = "iPhone Developer";
				COPY_PHASE_STRIP = NO;
				DEBUG_INFORMATION_FORMAT = "dwarf-with-dsym";
				ENABLE_NS_ASSERTIONS = NO;
				ENABLE_STRICT_OBJC_MSGSEND = YES;
				GCC_C_LANGUAGE_STANDARD = gnu99;
				GCC_NO_COMMON_BLOCKS = YES;
				GCC_WARN_64_TO_32_BIT_CONVERSION = YES;
				GCC_WARN_ABOUT_RETURN_TYPE = YES_ERROR;
				GCC_WARN_UNDECLARED_SELECTOR = YES;
				GCC_WARN_UNINITIALIZED_AUTOS = YES_AGGRESSIVE;
				GCC_WARN_UNUSED_FUNCTION = YES;
				GCC_WARN_UNUSED_VARIABLE = YES;
				IPHONEOS_DEPLOYMENT_TARGET = 10.0;
				MTL_ENABLE_DEBUG_INFO = NO;
				SDKROOT = iphoneos;
				SWIFT_OPTIMIZATION_LEVEL = "-Owholemodule";
				VALIDATE_PRODUCT = YES;
			};
			name = Release;
		};
		B29D6BB11DD8EFA10021D19A /* Debug */ = {
			isa = XCBuildConfiguration;
			buildSettings = {
				ASSETCATALOG_COMPILER_APPICON_NAME = AppIcon;
				CLANG_WARN_SUSPICIOUS_MOVES = YES;
				"CODE_SIGN_IDENTITY[sdk=iphoneos*]" = "iPhone Developer";
				DEVELOPMENT_TEAM = 7PX37ZY9M9;
				INFOPLIST_FILE = memoire_codepathProject/Info.plist;
				IPHONEOS_DEPLOYMENT_TARGET = 9.3;
				LD_RUNPATH_SEARCH_PATHS = "$(inherited) @executable_path/Frameworks";
				PRODUCT_BUNDLE_IDENTIFIER = "com.onemedical.memoire-codepathProject";
				PRODUCT_NAME = "$(TARGET_NAME)";
				SWIFT_VERSION = 3.0;
			};
			name = Debug;
		};
		B29D6BB21DD8EFA10021D19A /* Release */ = {
			isa = XCBuildConfiguration;
			buildSettings = {
				ASSETCATALOG_COMPILER_APPICON_NAME = AppIcon;
				CLANG_WARN_SUSPICIOUS_MOVES = YES;
				"CODE_SIGN_IDENTITY[sdk=iphoneos*]" = "iPhone Developer";
				DEVELOPMENT_TEAM = 7PX37ZY9M9;
				INFOPLIST_FILE = memoire_codepathProject/Info.plist;
				IPHONEOS_DEPLOYMENT_TARGET = 9.3;
				LD_RUNPATH_SEARCH_PATHS = "$(inherited) @executable_path/Frameworks";
				PRODUCT_BUNDLE_IDENTIFIER = "com.onemedical.memoire-codepathProject";
				PRODUCT_NAME = "$(TARGET_NAME)";
				SWIFT_VERSION = 3.0;
			};
			name = Release;
		};
		B29D6BB41DD8EFA10021D19A /* Debug */ = {
			isa = XCBuildConfiguration;
			buildSettings = {
				ALWAYS_EMBED_SWIFT_STANDARD_LIBRARIES = YES;
				BUNDLE_LOADER = "$(TEST_HOST)";
				INFOPLIST_FILE = memoire_codepathProjectTests/Info.plist;
				LD_RUNPATH_SEARCH_PATHS = "$(inherited) @executable_path/Frameworks @loader_path/Frameworks";
				PRODUCT_BUNDLE_IDENTIFIER = "com.onemedical.memoire-codepathProjectTests";
				PRODUCT_NAME = "$(TARGET_NAME)";
				SWIFT_VERSION = 3.0;
				TEST_HOST = "$(BUILT_PRODUCTS_DIR)/memoire_codepathProject.app/memoire_codepathProject";
			};
			name = Debug;
		};
		B29D6BB51DD8EFA10021D19A /* Release */ = {
			isa = XCBuildConfiguration;
			buildSettings = {
				ALWAYS_EMBED_SWIFT_STANDARD_LIBRARIES = YES;
				BUNDLE_LOADER = "$(TEST_HOST)";
				INFOPLIST_FILE = memoire_codepathProjectTests/Info.plist;
				LD_RUNPATH_SEARCH_PATHS = "$(inherited) @executable_path/Frameworks @loader_path/Frameworks";
				PRODUCT_BUNDLE_IDENTIFIER = "com.onemedical.memoire-codepathProjectTests";
				PRODUCT_NAME = "$(TARGET_NAME)";
				SWIFT_VERSION = 3.0;
				TEST_HOST = "$(BUILT_PRODUCTS_DIR)/memoire_codepathProject.app/memoire_codepathProject";
			};
			name = Release;
		};
		B29D6BB71DD8EFA10021D19A /* Debug */ = {
			isa = XCBuildConfiguration;
			buildSettings = {
				ALWAYS_EMBED_SWIFT_STANDARD_LIBRARIES = YES;
				INFOPLIST_FILE = memoire_codepathProjectUITests/Info.plist;
				LD_RUNPATH_SEARCH_PATHS = "$(inherited) @executable_path/Frameworks @loader_path/Frameworks";
				PRODUCT_BUNDLE_IDENTIFIER = "com.onemedical.memoire-codepathProjectUITests";
				PRODUCT_NAME = "$(TARGET_NAME)";
				SWIFT_VERSION = 3.0;
				TEST_TARGET_NAME = memoire_codepathProject;
			};
			name = Debug;
		};
		B29D6BB81DD8EFA10021D19A /* Release */ = {
			isa = XCBuildConfiguration;
			buildSettings = {
				ALWAYS_EMBED_SWIFT_STANDARD_LIBRARIES = YES;
				INFOPLIST_FILE = memoire_codepathProjectUITests/Info.plist;
				LD_RUNPATH_SEARCH_PATHS = "$(inherited) @executable_path/Frameworks @loader_path/Frameworks";
				PRODUCT_BUNDLE_IDENTIFIER = "com.onemedical.memoire-codepathProjectUITests";
				PRODUCT_NAME = "$(TARGET_NAME)";
				SWIFT_VERSION = 3.0;
				TEST_TARGET_NAME = memoire_codepathProject;
			};
			name = Release;
		};
/* End XCBuildConfiguration section */

/* Begin XCConfigurationList section */
		B29D6B831DD8EFA10021D19A /* Build configuration list for PBXProject "memoire_codepathProject" */ = {
			isa = XCConfigurationList;
			buildConfigurations = (
				B29D6BAE1DD8EFA10021D19A /* Debug */,
				B29D6BAF1DD8EFA10021D19A /* Release */,
			);
			defaultConfigurationIsVisible = 0;
			defaultConfigurationName = Release;
		};
		B29D6BB01DD8EFA10021D19A /* Build configuration list for PBXNativeTarget "memoire_codepathProject" */ = {
			isa = XCConfigurationList;
			buildConfigurations = (
				B29D6BB11DD8EFA10021D19A /* Debug */,
				B29D6BB21DD8EFA10021D19A /* Release */,
			);
			defaultConfigurationIsVisible = 0;
			defaultConfigurationName = Release;
		};
		B29D6BB31DD8EFA10021D19A /* Build configuration list for PBXNativeTarget "memoire_codepathProjectTests" */ = {
			isa = XCConfigurationList;
			buildConfigurations = (
				B29D6BB41DD8EFA10021D19A /* Debug */,
				B29D6BB51DD8EFA10021D19A /* Release */,
			);
			defaultConfigurationIsVisible = 0;
			defaultConfigurationName = Release;
		};
		B29D6BB61DD8EFA10021D19A /* Build configuration list for PBXNativeTarget "memoire_codepathProjectUITests" */ = {
			isa = XCConfigurationList;
			buildConfigurations = (
				B29D6BB71DD8EFA10021D19A /* Debug */,
				B29D6BB81DD8EFA10021D19A /* Release */,
			);
			defaultConfigurationIsVisible = 0;
			defaultConfigurationName = Release;
		};
/* End XCConfigurationList section */
	};
	rootObject = B29D6B801DD8EFA10021D19A /* Project object */;
}
